
Microsoft Visual Studio Solution File, Format Version 12.00
# Visual Studio 15
VisualStudioVersion = 15.0.28307.106
MinimumVisualStudioVersion = 10.0.40219.1
Project("{9A19103F-16F7-4668-BE54-9A1E7A4F7556}") = "ArmaPresetCreator.Web", "src\ArmaPresetCreator.Web\ArmaPresetCreator.Web.csproj", "{52141547-A2DD-49DA-B627-FAF3291962FA}"
EndProject
Project("{FAE04EC0-301F-11D3-BF4B-00C04F79EFBC}") = "ArmaPresetCreator.Web.IntegrationTests", "tests\ArmaPresetCreator.Web.IntegrationTests\ArmaPresetCreator.Web.IntegrationTests.csproj", "{C7E2E06B-31E9-440E-B23A-27949BE887C7}"
EndProject
Global
	GlobalSection(SolutionConfigurationPlatforms) = preSolution
		Debug|Any CPU = Debug|Any CPU
		Release|Any CPU = Release|Any CPU
	EndGlobalSection
	GlobalSection(ProjectConfigurationPlatforms) = postSolution
		{52141547-A2DD-49DA-B627-FAF3291962FA}.Debug|Any CPU.ActiveCfg = Debug|Any CPU
		{52141547-A2DD-49DA-B627-FAF3291962FA}.Debug|Any CPU.Build.0 = Debug|Any CPU
		{52141547-A2DD-49DA-B627-FAF3291962FA}.Release|Any CPU.ActiveCfg = Release|Any CPU
		{52141547-A2DD-49DA-B627-FAF3291962FA}.Release|Any CPU.Build.0 = Release|Any CPU
		{C7E2E06B-31E9-440E-B23A-27949BE887C7}.Debug|Any CPU.ActiveCfg = Debug|Any CPU
		{C7E2E06B-31E9-440E-B23A-27949BE887C7}.Debug|Any CPU.Build.0 = Debug|Any CPU
		{C7E2E06B-31E9-440E-B23A-27949BE887C7}.Release|Any CPU.ActiveCfg = Release|Any CPU
		{C7E2E06B-31E9-440E-B23A-27949BE887C7}.Release|Any CPU.Build.0 = Release|Any CPU
	EndGlobalSection
	GlobalSection(SolutionProperties) = preSolution
		HideSolutionNode = FALSE
	EndGlobalSection
	GlobalSection(ExtensibilityGlobals) = postSolution
		SolutionGuid = {FEA57A50-0138-4596-898D-2E6E04DA5A23}
	EndGlobalSection
EndGlobal
